dependencies:
- name: elasticsearch
  repository: oci://registry-1.docker.io/bitnamicharts
  version: 19.18.0
- name: postgresql
  repository: oci://registry-1.docker.io/bitnamicharts
  version: 14.0.5
- name: redis
  repository: oci://registry-1.docker.io/bitnamicharts
  version: 18.13.0
digest: sha256:df6ccb9f359795af6ba61640d520b8412d989be2182689492694a0de3e212566
generated: "2024-02-15T11:13:28.414887042-08:00"
